
Microsoft Visual Studio Solution File, Format Version 12.00
# Visual Studio Version 16
VisualStudioVersion = 16.0.30309.148
MinimumVisualStudioVersion = 10.0.40219.1
Project("{FAE04EC0-301F-11D3-BF4B-00C04F79EFBC}") = "Dev_Task", "Dev_Task\Dev_Task.csproj", "{F524DD7A-6ADD-46F4-8C26-A4AC516CA4A9}"
EndProject
Project("{FAE04EC0-301F-11D3-BF4B-00C04F79EFBC}") = "Dev_Task.Models", "Dev_Task.Models\Dev_Task.Models.csproj", "{60B3CDCF-441A-43C7-9AA0-123E6FEA021B}"
EndProject
Project("{FAE04EC0-301F-11D3-BF4B-00C04F79EFBC}") = "Dev_Task.DAL", "Dev_Task.DAL\Dev_Task.DAL.csproj", "{74A80D70-D501-4A57-9E0B-F0FF719A8DB7}"
EndProject
Global
	GlobalSection(SolutionConfigurationPlatforms) = preSolution
		Debug|Any CPU = Debug|Any CPU
		Debug|ARM = Debug|ARM
		Debug|ARM64 = Debug|ARM64
		Debug|x64 = Debug|x64
		Debug|x86 = Debug|x86
		Release|Any CPU = Release|Any CPU
		Release|ARM = Release|ARM
		Release|ARM64 = Release|ARM64
		Release|x64 = Release|x64
		Release|x86 = Release|x86
	EndGlobalSection
	GlobalSection(ProjectConfigurationPlatforms) = postSolution
		{F524DD7A-6ADD-46F4-8C26-A4AC516CA4A9}.Debug|Any CPU.ActiveCfg = Debug|Any CPU
		{F524DD7A-6ADD-46F4-8C26-A4AC516CA4A9}.Debug|Any CPU.Build.0 = Debug|Any CPU
		{F524DD7A-6ADD-46F4-8C26-A4AC516CA4A9}.Debug|ARM.ActiveCfg = Debug|Any CPU
		{F524DD7A-6ADD-46F4-8C26-A4AC516CA4A9}.Debug|ARM.Build.0 = Debug|Any CPU
		{F524DD7A-6ADD-46F4-8C26-A4AC516CA4A9}.Debug|ARM64.ActiveCfg = Debug|Any CPU
		{F524DD7A-6ADD-46F4-8C26-A4AC516CA4A9}.Debug|ARM64.Build.0 = Debug|Any CPU
		{F524DD7A-6ADD-46F4-8C26-A4AC516CA4A9}.Debug|x64.ActiveCfg = Debug|Any CPU
		{F524DD7A-6ADD-46F4-8C26-A4AC516CA4A9}.Debug|x64.Build.0 = Debug|Any CPU
		{F524DD7A-6ADD-46F4-8C26-A4AC516CA4A9}.Debug|x86.ActiveCfg = Debug|Any CPU
		{F524DD7A-6ADD-46F4-8C26-A4AC516CA4A9}.Debug|x86.Build.0 = Debug|Any CPU
		{F524DD7A-6ADD-46F4-8C26-A4AC516CA4A9}.Release|Any CPU.ActiveCfg = Release|Any CPU
		{F524DD7A-6ADD-46F4-8C26-A4AC516CA4A9}.Release|Any CPU.Build.0 = Release|Any CPU
		{F524DD7A-6ADD-46F4-8C26-A4AC516CA4A9}.Release|ARM.ActiveCfg = Release|Any CPU
		{F524DD7A-6ADD-46F4-8C26-A4AC516CA4A9}.Release|ARM.Build.0 = Release|Any CPU
		{F524DD7A-6ADD-46F4-8C26-A4AC516CA4A9}.Release|ARM64.ActiveCfg = Release|Any CPU
		{F524DD7A-6ADD-46F4-8C26-A4AC516CA4A9}.Release|ARM64.Build.0 = Release|Any CPU
		{F524DD7A-6ADD-46F4-8C26-A4AC516CA4A9}.Release|x64.ActiveCfg = Release|Any CPU
		{F524DD7A-6ADD-46F4-8C26-A4AC516CA4A9}.Release|x64.Build.0 = Release|Any CPU
		{F524DD7A-6ADD-46F4-8C26-A4AC516CA4A9}.Release|x86.ActiveCfg = Release|Any CPU
		{F524DD7A-6ADD-46F4-8C26-A4AC516CA4A9}.Release|x86.Build.0 = Release|Any CPU
		{60B3CDCF-441A-43C7-9AA0-123E6FEA021B}.Debug|Any CPU.ActiveCfg = Debug|Any CPU
		{60B3CDCF-441A-43C7-9AA0-123E6FEA021B}.Debug|Any CPU.Build.0 = Debug|Any CPU
		{60B3CDCF-441A-43C7-9AA0-123E6FEA021B}.Debug|ARM.ActiveCfg = Debug|Any CPU
		{60B3CDCF-441A-43C7-9AA0-123E6FEA021B}.Debug|ARM.Build.0 = Debug|Any CPU
		{60B3CDCF-441A-43C7-9AA0-123E6FEA021B}.Debug|ARM64.ActiveCfg = Debug|Any CPU
		{60B3CDCF-441A-43C7-9AA0-123E6FEA021B}.Debug|ARM64.Build.0 = Debug|Any CPU
		{60B3CDCF-441A-43C7-9AA0-123E6FEA021B}.Debug|x64.ActiveCfg = Debug|Any CPU
		{60B3CDCF-441A-43C7-9AA0-123E6FEA021B}.Debug|x64.Build.0 = Debug|Any CPU
		{60B3CDCF-441A-43C7-9AA0-123E6FEA021B}.Debug|x86.ActiveCfg = Debug|Any CPU
		{60B3CDCF-441A-43C7-9AA0-123E6FEA021B}.Debug|x86.Build.0 = Debug|Any CPU
		{60B3CDCF-441A-43C7-9AA0-123E6FEA021B}.Release|Any CPU.ActiveCfg = Release|Any CPU
		{60B3CDCF-441A-43C7-9AA0-123E6FEA021B}.Release|Any CPU.Build.0 = Release|Any CPU
		{60B3CDCF-441A-43C7-9AA0-123E6FEA021B}.Release|ARM.ActiveCfg = Release|Any CPU
		{60B3CDCF-441A-43C7-9AA0-123E6FEA021B}.Release|ARM.Build.0 = Release|Any CPU
		{60B3CDCF-441A-43C7-9AA0-123E6FEA021B}.Release|ARM64.ActiveCfg = Release|Any CPU
		{60B3CDCF-441A-43C7-9AA0-123E6FEA021B}.Release|ARM64.Build.0 = Release|Any CPU
		{60B3CDCF-441A-43C7-9AA0-123E6FEA021B}.Release|x64.ActiveCfg = Release|Any CPU
		{60B3CDCF-441A-43C7-9AA0-123E6FEA021B}.Release|x64.Build.0 = Release|Any CPU
		{60B3CDCF-441A-43C7-9AA0-123E6FEA021B}.Release|x86.ActiveCfg = Release|Any CPU
		{60B3CDCF-441A-43C7-9AA0-123E6FEA021B}.Release|x86.Build.0 = Release|Any CPU
		{74A80D70-D501-4A57-9E0B-F0FF719A8DB7}.Debug|Any CPU.ActiveCfg = Debug|Any CPU
		{74A80D70-D501-4A57-9E0B-F0FF719A8DB7}.Debug|Any CPU.Build.0 = Debug|Any CPU
		{74A80D70-D501-4A57-9E0B-F0FF719A8DB7}.Debug|ARM.ActiveCfg = Debug|Any CPU
		{74A80D70-D501-4A57-9E0B-F0FF719A8DB7}.Debug|ARM.Build.0 = Debug|Any CPU
		{74A80D70-D501-4A57-9E0B-F0FF719A8DB7}.Debug|ARM64.ActiveCfg = Debug|Any CPU
		{74A80D70-D501-4A57-9E0B-F0FF719A8DB7}.Debug|ARM64.Build.0 = Debug|Any CPU
		{74A80D70-D501-4A57-9E0B-F0FF719A8DB7}.Debug|x64.ActiveCfg = Debug|Any CPU
		{74A80D70-D501-4A57-9E0B-F0FF719A8DB7}.Debug|x64.Build.0 = Debug|Any CPU
		{74A80D70-D501-4A57-9E0B-F0FF719A8DB7}.Debug|x86.ActiveCfg = Debug|Any CPU
		{74A80D70-D501-4A57-9E0B-F0FF719A8DB7}.Debug|x86.Build.0 = Debug|Any CPU
		{74A80D70-D501-4A57-9E0B-F0FF719A8DB7}.Release|Any CPU.ActiveCfg = Release|Any CPU
		{74A80D70-D501-4A57-9E0B-F0FF719A8DB7}.Release|Any CPU.Build.0 = Release|Any CPU
		{74A80D70-D501-4A57-9E0B-F0FF719A8DB7}.Release|ARM.ActiveCfg = Release|Any CPU
		{74A80D70-D501-4A57-9E0B-F0FF719A8DB7}.Release|ARM.Build.0 = Release|Any CPU
		{74A80D70-D501-4A57-9E0B-F0FF719A8DB7}.Release|ARM64.ActiveCfg = Release|Any CPU
		{74A80D70-D501-4A57-9E0B-F0FF719A8DB7}.Release|ARM64.Build.0 = Release|Any CPU
		{74A80D70-D501-4A57-9E0B-F0FF719A8DB7}.Release|x64.ActiveCfg = Release|Any CPU
		{74A80D70-D501-4A57-9E0B-F0FF719A8DB7}.Release|x64.Build.0 = Release|Any CPU
		{74A80D70-D501-4A57-9E0B-F0FF719A8DB7}.Release|x86.ActiveCfg = Release|Any CPU
		{74A80D70-D501-4A57-9E0B-F0FF719A8DB7}.Release|x86.Build.0 = Release|Any CPU
	EndGlobalSection
	GlobalSection(SolutionProperties) = preSolution
		HideSolutionNode = FALSE
	EndGlobalSection
	GlobalSection(ExtensibilityGlobals) = postSolution
		SolutionGuid = {662E3E2E-3F14-456C-A9D3-A5BDABCD039C}
	EndGlobalSection
EndGlobal
